<?xml version="1.0" encoding="utf-8"?>
<Project ToolsVersion="4.0" xmlns="http://schemas.microsoft.com/developer/msbuild/2003">
  <ItemGroup>
    <Filter Include="Source Files">
      <UniqueIdentifier>{4FC737F1-C7A5-4376-A066-2A32D752A2FF}</UniqueIdentifier>
      <Extensions>cpp;c;cc;cxx;def;odl;idl;hpj;bat;asm;asmx</Extensions>
    </Filter>
    <Filter Include="Header Files">
      <UniqueIdentifier>{93995380-89BD-4b04-88EB-625FBE52EBFB}</UniqueIdentifier>
      <Extensions>h;hpp;hxx;hm;inl;inc;xsd</Extensions>
    </Filter>
    <Filter Include="Resource Files">
      <UniqueIdentifier>{67DA6AB6-F800-4c08-8B7A-83BB121AAD01}</UniqueIdentifier>
      <Extensions>rc;ico;cur;bmp;dlg;rc2;rct;bin;rgs;gif;jpg;jpeg;jpe;resx;tiff;tif;png;wav;mfcribbon-ms</Extensions>
    </Filter>
  </ItemGroup>
  <ItemGroup>
    <None Include="..\RFHUtil\res\rfhutil.ico">
      <Filter>Resource Files</Filter>
    </None>
    <None Include="..\RFHUtil\res\rfhutilDoc.ico">
      <Filter>Resource Files</Filter>
    </None>
  </ItemGroup>
  <ItemGroup>
    <ClInclude Include="..\RFHUtil\CapPubs.h">
      <Filter>Header Files</Filter>
    </ClInclude>
    <ClInclude Include="..\RFHUtil\xmlsubs.h">
      <Filter>Header Files</Filter>
    </ClInclude>
    <ClInclude Include="..\RFHUtil\CICS.h">
      <Filter>Header Files</Filter>
    </ClInclude>
    <ClInclude Include="..\RFHUtil\comsubs.h">
      <Filter>Header Files</Filter>
    </ClInclude>
    <ClInclude Include="..\RFHUtil\ConnUser.h">
      <Filter>Header Files</Filter>
    </ClInclude>
    <ClInclude Include="..\RFHUtil\Copybook.h">
      <Filter>Header Files</Filter>
    </ClInclude>
    <ClInclude Include="..\RFHUtil\DataArea.h">
      <Filter>Header Files</Filter>
    </ClInclude>
    <ClInclude Include="..\RFHUtil\DisplayQ.h">
      <Filter>Header Files</Filter>
    </ClInclude>
    <ClInclude Include="..\RFHUtil\DispQ.h">
      <Filter>Header Files</Filter>
    </ClInclude>
    <ClInclude Include="..\RFHUtil\Dlq.h">
      <Filter>Header Files</Filter>
    </ClInclude>
    <ClInclude Include="..\RFHUtil\General.h">
      <Filter>Header Files</Filter>
    </ClInclude>
    <ClInclude Include="..\RFHUtil\Goto.h">
      <Filter>Header Files</Filter>
    </ClInclude>
    <ClInclude Include="..\RFHUtil\HexFind.h">
      <Filter>Header Files</Filter>
    </ClInclude>
    <ClInclude Include="..\RFHUtil\IdEdit.h">
      <Filter>Header Files</Filter>
    </ClInclude>
    <ClInclude Include="..\RFHUtil\Ims.h">
      <Filter>Header Files</Filter>
    </ClInclude>
    <ClInclude Include="..\RFHUtil\jms.h">
      <Filter>Header Files</Filter>
    </ClInclude>
    <ClInclude Include="..\RFHUtil\JsonParse.h">
      <Filter>Header Files</Filter>
    </ClInclude>
    <ClInclude Include="..\RFHUtil\LoadQ.h">
      <Filter>Header Files</Filter>
    </ClInclude>
    <ClInclude Include="..\RFHUtil\MainFrm.h">
      <Filter>Header Files</Filter>
    </ClInclude>
    <ClInclude Include="..\RFHUtil\MoveQ.h">
      <Filter>Header Files</Filter>
    </ClInclude>
    <ClInclude Include="..\RFHUtil\MQMDPAGE.h">
      <Filter>Header Files</Filter>
    </ClInclude>
    <ClInclude Include="..\RFHUtil\mqsubs.h">
      <Filter>Header Files</Filter>
    </ClInclude>
    <ClInclude Include="..\RFHUtil\MSGDATA.h">
      <Filter>Header Files</Filter>
    </ClInclude>
    <ClInclude Include="..\RFHUtil\MyComboBox.h">
      <Filter>Header Files</Filter>
    </ClInclude>
    <ClInclude Include="..\RFHUtil\MyEdit.h">
      <Filter>Header Files</Filter>
    </ClInclude>
    <ClInclude Include="..\RFHUtil\Names.h">
      <Filter>Header Files</Filter>
    </ClInclude>
    <ClInclude Include="..\RFHUtil\other.h">
      <Filter>Header Files</Filter>
    </ClInclude>
    <ClInclude Include="..\RFHUtil\Props.h">
      <Filter>Header Files</Filter>
    </ClInclude>
    <ClInclude Include="..\RFHUtil\PS.h">
      <Filter>Header Files</Filter>
    </ClInclude>
    <ClInclude Include="..\RFHUtil\pscr.h">
      <Filter>Header Files</Filter>
    </ClInclude>
    <ClInclude Include="..\RFHUtil\PubSub.h">
      <Filter>Header Files</Filter>
    </ClInclude>
    <ClInclude Include="..\RFHUtil\resource.h">
      <Filter>Header Files</Filter>
    </ClInclude>
    <ClInclude Include="..\RFHUtil\RFH.h">
      <Filter>Header Files</Filter>
    </ClInclude>
    <ClInclude Include="..\RFHUtil\rfhutil.h">
      <Filter>Header Files</Filter>
    </ClInclude>
    <ClInclude Include="..\RFHUtil\rfhutilDoc.h">
      <Filter>Header Files</Filter>
    </ClInclude>
    <ClInclude Include="..\RFHUtil\rfhutilView.h">
      <Filter>Header Files</Filter>
    </ClInclude>
    <ClInclude Include="..\RFHUtil\Savemsgs.h">
      <Filter>Header Files</Filter>
    </ClInclude>
    <ClInclude Include="..\RFHUtil\StdAfx.h">
      <Filter>Header Files</Filter>
    </ClInclude>
    <ClInclude Include="..\RFHUtil\targetver.h">
      <Filter>Header Files</Filter>
    </ClInclude>
    <ClInclude Include="..\RFHUtil\Usr.h">
      <Filter>Header Files</Filter>
    </ClInclude>
    <ClInclude Include="..\RFHUtil\WritePubs.h">
      <Filter>Header Files</Filter>
    </ClInclude>
    <ClInclude Include="..\RFHUtil\XMLParse.h">
      <Filter>Header Files</Filter>
    </ClInclude>
  </ItemGroup>
  <ItemGroup>
    <ResourceCompile Include="..\RFHUtil\rfhutil.rc">
      <Filter>Resource Files</Filter>
    </ResourceCompile>
  </ItemGroup>
  <ItemGroup>
    <ClCompile Include="..\RFHUtil\CapPubs.cpp">
      <Filter>Source Files</Filter>
    </ClCompile>
    <ClCompile Include="..\RFHUtil\xmlsubs.cpp">
      <Filter>Source Files</Filter>
    </ClCompile>
    <ClCompile Include="..\RFHUtil\CICS.cpp">
      <Filter>Source Files</Filter>
    </ClCompile>
    <ClCompile Include="..\RFHUtil\comsubs.cpp">
      <Filter>Source Files</Filter>
    </ClCompile>
    <ClCompile Include="..\RFHUtil\ConnUser.cpp">
      <Filter>Source Files</Filter>
    </ClCompile>
    <ClCompile Include="..\RFHUtil\Copybook.cpp">
      <Filter>Source Files</Filter>
    </ClCompile>
    <ClCompile Include="..\RFHUtil\DataArea.cpp">
      <Filter>Source Files</Filter>
    </ClCompile>
    <ClCompile Include="..\RFHUtil\DisplayQ.cpp">
      <Filter>Source Files</Filter>
    </ClCompile>
    <ClCompile Include="..\RFHUtil\DispQ.cpp">
      <Filter>Source Files</Filter>
    </ClCompile>
    <ClCompile Include="..\RFHUtil\Dlq.cpp">
      <Filter>Source Files</Filter>
    </ClCompile>
    <ClCompile Include="..\RFHUtil\General.cpp">
      <Filter>Source Files</Filter>
    </ClCompile>
    <ClCompile Include="..\RFHUtil\Goto.cpp">
      <Filter>Source Files</Filter>
    </ClCompile>
    <ClCompile Include="..\RFHUtil\HexFind.cpp">
      <Filter>Source Files</Filter>
    </ClCompile>
    <ClCompile Include="..\RFHUtil\IdEdit.cpp">
      <Filter>Source Files</Filter>
    </ClCompile>
    <ClCompile Include="..\RFHUtil\Ims.cpp">
      <Filter>Source Files</Filter>
    </ClCompile>
    <ClCompile Include="..\RFHUtil\jms.cpp">
      <Filter>Source Files</Filter>
    </ClCompile>
    <ClCompile Include="..\RFHUtil\JsonParse.cpp">
      <Filter>Source Files</Filter>
    </ClCompile>
    <ClCompile Include="..\RFHUtil\LoadQ.cpp">
      <Filter>Source Files</Filter>
    </ClCompile>
    <ClCompile Include="..\RFHUtil\MainFrm.cpp">
      <Filter>Source Files</Filter>
    </ClCompile>
    <ClCompile Include="..\RFHUtil\MoveQ.cpp">
      <Filter>Source Files</Filter>
    </ClCompile>
    <ClCompile Include="..\RFHUtil\MQMDPAGE.cpp">
      <Filter>Source Files</Filter>
    </ClCompile>
    <ClCompile Include="..\RFHUtil\mqsubs.cpp">
      <Filter>Source Files</Filter>
    </ClCompile>
    <ClCompile Include="..\RFHUtil\MSGDATA.cpp">
      <Filter>Source Files</Filter>
    </ClCompile>
    <ClCompile Include="..\RFHUtil\MyComboBox.cpp">
      <Filter>Source Files</Filter>
    </ClCompile>
    <ClCompile Include="..\RFHUtil\MyEdit.cpp">
      <Filter>Source Files</Filter>
    </ClCompile>
    <ClCompile Include="..\RFHUtil\Names.cpp">
      <Filter>Source Files</Filter>
    </ClCompile>
    <ClCompile Include="..\RFHUtil\other.cpp">
      <Filter>Source Files</Filter>
    </ClCompile>
    <ClCompile Include="..\RFHUtil\Props.cpp">
      <Filter>Source Files</Filter>
    </ClCompile>
    <ClCompile Include="..\RFHUtil\PS.cpp">
      <Filter>Source Files</Filter>
    </ClCompile>
    <ClCompile Include="..\RFHUtil\pscr.cpp">
      <Filter>Source Files</Filter>
    </ClCompile>
    <ClCompile Include="..\RFHUtil\PubSub.cpp">
      <Filter>Source Files</Filter>
    </ClCompile>
    <ClCompile Include="..\RFHUtil\RFH.cpp">
      <Filter>Source Files</Filter>
    </ClCompile>
    <ClCompile Include="..\RFHUtil\rfhutil.cpp">
      <Filter>Source Files</Filter>
    </ClCompile>
    <ClCompile Include="..\RFHUtil\rfhutilDoc.cpp">
      <Filter>Source Files</Filter>
    </ClCompile>
    <ClCompile Include="..\RFHUtil\rfhutilView.cpp">
      <Filter>Source Files</Filter>
    </ClCompile>
    <ClCompile Include="..\RFHUtil\Savemsgs.cpp">
      <Filter>Source Files</Filter>
    </ClCompile>
    <ClCompile Include="..\RFHUtil\StdAfx.cpp">
      <Filter>Source Files</Filter>
    </ClCompile>
    <ClCompile Include="..\RFHUtil\Usr.cpp">
      <Filter>Source Files</Filter>
    </ClCompile>
    <ClCompile Include="..\RFHUtil\WritePubs.cpp">
      <Filter>Source Files</Filter>
    </ClCompile>
    <ClCompile Include="..\RFHUtil\XMLParse.cpp">
      <Filter>Source Files</Filter>
    </ClCompile>
  </ItemGroup>
</Project>