<?xml version="1.0" encoding="utf-8"?>
<Project ToolsVersion="4.0" xmlns="http://schemas.microsoft.com/developer/msbuild/2003">
  <ItemGroup>
    <Filter Include="Source Files">
      <UniqueIdentifier>{4FC737F1-C7A5-4376-A066-2A32D752A2FF}</UniqueIdentifier>
      <Extensions>cpp;c;cc;cxx;def;odl;idl;hpj;bat;asm;asmx</Extensions>
    </Filter>
    <Filter Include="Header Files">
      <UniqueIdentifier>{93995380-89BD-4b04-88EB-625FBE52EBFB}</UniqueIdentifier>
      <Extensions>h;hpp;hxx;hm;inl;inc;xsd</Extensions>
    </Filter>
    <Filter Include="Resource Files">
      <UniqueIdentifier>{67DA6AB6-F800-4c08-8B7A-83BB121AAD01}</UniqueIdentifier>
      <Extensions>rc;ico;cur;bmp;dlg;rc2;rct;bin;rgs;gif;jpg;jpeg;jpe;resx;tiff;tif;png;wav;mfcribbon-ms</Extensions>
    </Filter>
  </ItemGroup>
  <ItemGroup>
    <ClInclude Include="comsubs.h">
      <Filter>Header Files</Filter>
    </ClInclude>
    <ClInclude Include="parmline.h">
      <Filter>Header Files</Filter>
    </ClInclude>
    <ClInclude Include="qsubs.h">
      <Filter>Header Files</Filter>
    </ClInclude>
    <ClInclude Include="rfhsubs.h">
      <Filter>Header Files</Filter>
    </ClInclude>
    <ClInclude Include="timesubs.h">
      <Filter>Header Files</Filter>
    </ClInclude>
    <ClInclude Include="putparms.h">
      <Filter>Header Files</Filter>
    </ClInclude>
    <ClInclude Include="int64defs.h">
      <Filter>Header Files</Filter>
    </ClInclude>
  </ItemGroup>
  <ItemGroup>
    <ClCompile Include="comsubs.c">
      <Filter>Source Files</Filter>
    </ClCompile>
    <ClCompile Include="parmline.c">
      <Filter>Source Files</Filter>
    </ClCompile>
    <ClCompile Include="putparms.c">
      <Filter>Source Files</Filter>
    </ClCompile>
    <ClCompile Include="qsubs.c">
      <Filter>Source Files</Filter>
    </ClCompile>
    <ClCompile Include="rfhsubs.c">
      <Filter>Source Files</Filter>
    </ClCompile>
    <ClCompile Include="timesubs.c">
      <Filter>Source Files</Filter>
    </ClCompile>
  </ItemGroup>
</Project>