<?xml version="1.0" encoding="utf-8"?>
<Project ToolsVersion="4.0" xmlns="http://schemas.microsoft.com/developer/msbuild/2003">
  <ItemGroup>
    <Filter Include="Source Files">
      <UniqueIdentifier>{4FC737F1-C7A5-4376-A066-2A32D752A2FF}</UniqueIdentifier>
      <Extensions>cpp;c;cc;cxx;def;odl;idl;hpj;bat;asm;asmx</Extensions>
    </Filter>
    <Filter Include="Header Files">
      <UniqueIdentifier>{93995380-89BD-4b04-88EB-625FBE52EBFB}</UniqueIdentifier>
      <Extensions>h;hpp;hxx;hm;inl;inc;xsd</Extensions>
    </Filter>
    <Filter Include="Resource Files">
      <UniqueIdentifier>{67DA6AB6-F800-4c08-8B7A-83BB121AAD01}</UniqueIdentifier>
      <Extensions>rc;ico;cur;bmp;dlg;rc2;rct;bin;rgs;gif;jpg;jpeg;jpe;resx;tiff;tif;png;wav;mfcribbon-ms</Extensions>
    </Filter>
  </ItemGroup>
  <ItemGroup>
    <None Include="res\rfhutil.ico">
      <Filter>Resource Files</Filter>
    </None>
    <None Include="res\rfhutilDoc.ico">
      <Filter>Resource Files</Filter>
    </None>
  </ItemGroup>
  <ItemGroup>
    <ResourceCompile Include="rfhutil.rc">
      <Filter>Resource Files</Filter>
    </ResourceCompile>
  </ItemGroup>
  <ItemGroup>
    <ClInclude Include="CapPubs.h">
      <Filter>Header Files</Filter>
    </ClInclude>
    <ClInclude Include="CICS.h">
      <Filter>Header Files</Filter>
    </ClInclude>
    <ClInclude Include="comsubs.h">
      <Filter>Header Files</Filter>
    </ClInclude>
    <ClInclude Include="ConnUser.h">
      <Filter>Header Files</Filter>
    </ClInclude>
    <ClInclude Include="Copybook.h">
      <Filter>Header Files</Filter>
    </ClInclude>
    <ClInclude Include="DataArea.h">
      <Filter>Header Files</Filter>
    </ClInclude>
    <ClInclude Include="DisplayQ.h">
      <Filter>Header Files</Filter>
    </ClInclude>
    <ClInclude Include="DispQ.h">
      <Filter>Header Files</Filter>
    </ClInclude>
    <ClInclude Include="Dlq.h">
      <Filter>Header Files</Filter>
    </ClInclude>
    <ClInclude Include="General.h">
      <Filter>Header Files</Filter>
    </ClInclude>
    <ClInclude Include="Goto.h">
      <Filter>Header Files</Filter>
    </ClInclude>
    <ClInclude Include="HexFind.h">
      <Filter>Header Files</Filter>
    </ClInclude>
    <ClInclude Include="IdEdit.h">
      <Filter>Header Files</Filter>
    </ClInclude>
    <ClInclude Include="Ims.h">
      <Filter>Header Files</Filter>
    </ClInclude>
    <ClInclude Include="jms.h">
      <Filter>Header Files</Filter>
    </ClInclude>
    <ClInclude Include="JsonParse.h">
      <Filter>Header Files</Filter>
    </ClInclude>
    <ClInclude Include="LoadQ.h">
      <Filter>Header Files</Filter>
    </ClInclude>
    <ClInclude Include="MainFrm.h">
      <Filter>Header Files</Filter>
    </ClInclude>
    <ClInclude Include="MoveQ.h">
      <Filter>Header Files</Filter>
    </ClInclude>
    <ClInclude Include="MQMDPAGE.h">
      <Filter>Header Files</Filter>
    </ClInclude>
    <ClInclude Include="mqsubs.h">
      <Filter>Header Files</Filter>
    </ClInclude>
    <ClInclude Include="MSGDATA.h">
      <Filter>Header Files</Filter>
    </ClInclude>
    <ClInclude Include="MyComboBox.h">
      <Filter>Header Files</Filter>
    </ClInclude>
    <ClInclude Include="MyEdit.h">
      <Filter>Header Files</Filter>
    </ClInclude>
    <ClInclude Include="Names.h">
      <Filter>Header Files</Filter>
    </ClInclude>
    <ClInclude Include="other.h">
      <Filter>Header Files</Filter>
    </ClInclude>
    <ClInclude Include="Props.h">
      <Filter>Header Files</Filter>
    </ClInclude>
    <ClInclude Include="PS.h">
      <Filter>Header Files</Filter>
    </ClInclude>
    <ClInclude Include="pscr.h">
      <Filter>Header Files</Filter>
    </ClInclude>
    <ClInclude Include="PubSub.h">
      <Filter>Header Files</Filter>
    </ClInclude>
    <ClInclude Include="resource.h">
      <Filter>Header Files</Filter>
    </ClInclude>
    <ClInclude Include="RFH.h">
      <Filter>Header Files</Filter>
    </ClInclude>
    <ClInclude Include="rfhutil.h">
      <Filter>Header Files</Filter>
    </ClInclude>
    <ClInclude Include="rfhutilDoc.h">
      <Filter>Header Files</Filter>
    </ClInclude>
    <ClInclude Include="rfhutilView.h">
      <Filter>Header Files</Filter>
    </ClInclude>
    <ClInclude Include="Savemsgs.h">
      <Filter>Header Files</Filter>
    </ClInclude>
    <ClInclude Include="StdAfx.h">
      <Filter>Header Files</Filter>
    </ClInclude>
    <ClInclude Include="Usr.h">
      <Filter>Header Files</Filter>
    </ClInclude>
    <ClInclude Include="WritePubs.h">
      <Filter>Header Files</Filter>
    </ClInclude>
    <ClInclude Include="XMLParse.h">
      <Filter>Header Files</Filter>
    </ClInclude>
    <ClInclude Include="xmlsubs.h">
      <Filter>Header Files</Filter>
    </ClInclude>
    <ClInclude Include="targetver.h">
      <Filter>Header Files</Filter>
    </ClInclude>
  </ItemGroup>
  <ItemGroup>
    <ClCompile Include="CapPubs.cpp">
      <Filter>Source Files</Filter>
    </ClCompile>
    <ClCompile Include="CICS.cpp">
      <Filter>Source Files</Filter>
    </ClCompile>
    <ClCompile Include="comsubs.cpp">
      <Filter>Source Files</Filter>
    </ClCompile>
    <ClCompile Include="ConnUser.cpp">
      <Filter>Source Files</Filter>
    </ClCompile>
    <ClCompile Include="Copybook.cpp">
      <Filter>Source Files</Filter>
    </ClCompile>
    <ClCompile Include="DataArea.cpp">
      <Filter>Source Files</Filter>
    </ClCompile>
    <ClCompile Include="DisplayQ.cpp">
      <Filter>Source Files</Filter>
    </ClCompile>
    <ClCompile Include="DispQ.cpp">
      <Filter>Source Files</Filter>
    </ClCompile>
    <ClCompile Include="Dlq.cpp">
      <Filter>Source Files</Filter>
    </ClCompile>
    <ClCompile Include="General.cpp">
      <Filter>Source Files</Filter>
    </ClCompile>
    <ClCompile Include="Goto.cpp">
      <Filter>Source Files</Filter>
    </ClCompile>
    <ClCompile Include="HexFind.cpp">
      <Filter>Source Files</Filter>
    </ClCompile>
    <ClCompile Include="IdEdit.cpp">
      <Filter>Source Files</Filter>
    </ClCompile>
    <ClCompile Include="Ims.cpp">
      <Filter>Source Files</Filter>
    </ClCompile>
    <ClCompile Include="jms.cpp">
      <Filter>Source Files</Filter>
    </ClCompile>
    <ClCompile Include="JsonParse.cpp">
      <Filter>Source Files</Filter>
    </ClCompile>
    <ClCompile Include="LoadQ.cpp">
      <Filter>Source Files</Filter>
    </ClCompile>
    <ClCompile Include="MainFrm.cpp">
      <Filter>Source Files</Filter>
    </ClCompile>
    <ClCompile Include="MoveQ.cpp">
      <Filter>Source Files</Filter>
    </ClCompile>
    <ClCompile Include="MQMDPAGE.cpp">
      <Filter>Source Files</Filter>
    </ClCompile>
    <ClCompile Include="mqsubs.cpp">
      <Filter>Source Files</Filter>
    </ClCompile>
    <ClCompile Include="MSGDATA.cpp">
      <Filter>Source Files</Filter>
    </ClCompile>
    <ClCompile Include="MyComboBox.cpp">
      <Filter>Source Files</Filter>
    </ClCompile>
    <ClCompile Include="MyEdit.cpp">
      <Filter>Source Files</Filter>
    </ClCompile>
    <ClCompile Include="Names.cpp">
      <Filter>Source Files</Filter>
    </ClCompile>
    <ClCompile Include="other.cpp">
      <Filter>Source Files</Filter>
    </ClCompile>
    <ClCompile Include="Props.cpp">
      <Filter>Source Files</Filter>
    </ClCompile>
    <ClCompile Include="PS.cpp">
      <Filter>Source Files</Filter>
    </ClCompile>
    <ClCompile Include="pscr.cpp">
      <Filter>Source Files</Filter>
    </ClCompile>
    <ClCompile Include="PubSub.cpp">
      <Filter>Source Files</Filter>
    </ClCompile>
    <ClCompile Include="RFH.cpp">
      <Filter>Source Files</Filter>
    </ClCompile>
    <ClCompile Include="rfhutil.cpp">
      <Filter>Source Files</Filter>
    </ClCompile>
    <ClCompile Include="rfhutilDoc.cpp">
      <Filter>Source Files</Filter>
    </ClCompile>
    <ClCompile Include="rfhutilView.cpp">
      <Filter>Source Files</Filter>
    </ClCompile>
    <ClCompile Include="Savemsgs.cpp">
      <Filter>Source Files</Filter>
    </ClCompile>
    <ClCompile Include="StdAfx.cpp">
      <Filter>Source Files</Filter>
    </ClCompile>
    <ClCompile Include="Usr.cpp">
      <Filter>Source Files</Filter>
    </ClCompile>
    <ClCompile Include="WritePubs.cpp">
      <Filter>Source Files</Filter>
    </ClCompile>
    <ClCompile Include="XMLParse.cpp">
      <Filter>Source Files</Filter>
    </ClCompile>
    <ClCompile Include="xmlsubs.cpp">
      <Filter>Source Files</Filter>
    </ClCompile>
  </ItemGroup>
</Project>